// !$*UTF8*$!
{
	archiveVersion = 1;
	classes = {
	};
	objectVersion = 55;
	objects = {

/* Begin PBXBuildFile section */
		1783567C2919938E00B33C56 /* Home.swift in Sources */ = {isa = PBXBuildFile; fileRef = 1783567B2919938E00B33C56 /* Home.swift */; };
		1783567E291993FD00B33C56 /* Settings.swift in Sources */ = {isa = PBXBuildFile; fileRef = 1783567D291993FD00B33C56 /* Settings.swift */; };
		650C6E9529D4C21700E4EA2C /* ImportViewController.swift in Sources */ = {isa = PBXBuildFile; fileRef = 650C6E9429D4C21700E4EA2C /* ImportViewController.swift */; };
		652A84C02914E1100025B2E6 /* StudentProtocols.swift in Sources */ = {isa = PBXBuildFile; fileRef = 652A84BF2914E1100025B2E6 /* StudentProtocols.swift */; };
		6578089E29118D2C00E72F43 /* AppDelegate.swift in Sources */ = {isa = PBXBuildFile; fileRef = 6578089D29118D2C00E72F43 /* AppDelegate.swift */; };
		657808A029118D2C00E72F43 /* SceneDelegate.swift in Sources */ = {isa = PBXBuildFile; fileRef = 6578089F29118D2C00E72F43 /* SceneDelegate.swift */; };
		657808A229118D2C00E72F43 /* InOutSchool.swift in Sources */ = {isa = PBXBuildFile; fileRef = 657808A129118D2C00E72F43 /* InOutSchool.swift */; };
		657808A529118D2C00E72F43 /* Main.storyboard in Resources */ = {isa = PBXBuildFile; fileRef = 657808A329118D2C00E72F43 /* Main.storyboard */; };
		657808A729118D2D00E72F43 /* Assets.xcassets in Resources */ = {isa = PBXBuildFile; fileRef = 657808A629118D2D00E72F43 /* Assets.xcassets */; };
		657808AA29118D2D00E72F43 /* LaunchScreen.storyboard in Resources */ = {isa = PBXBuildFile; fileRef = 657808A829118D2D00E72F43 /* LaunchScreen.storyboard */; };
		659487D929BA4B1E00400A9C /* RecsourcePullDownViewController.swift in Sources */ = {isa = PBXBuildFile; fileRef = 659487D829BA4B1E00400A9C /* RecsourcePullDownViewController.swift */; };
		659487DB29BA4B5600400A9C /* TableViewLabel.swift in Sources */ = {isa = PBXBuildFile; fileRef = 659487DA29BA4B5600400A9C /* TableViewLabel.swift */; };
		659487DD29BA4B7100400A9C /* newOrExisting.swift in Sources */ = {isa = PBXBuildFile; fileRef = 659487DC29BA4B7100400A9C /* newOrExisting.swift */; };
		65BCCCCD29A6B3F6003CA681 /* ViewControllerResource.swift in Sources */ = {isa = PBXBuildFile; fileRef = 65BCCCCC29A6B3F6003CA681 /* ViewControllerResource.swift */; };
		65BCCCCF29A6B410003CA681 /* ViewControllerHelps.swift in Sources */ = {isa = PBXBuildFile; fileRef = 65BCCCCE29A6B410003CA681 /* ViewControllerHelps.swift */; };
		65E79A0829A6B28900E848F1 /* MedicalViewController.swift in Sources */ = {isa = PBXBuildFile; fileRef = 65E79A0729A6B28900E848F1 /* MedicalViewController.swift */; };
		65E79A0A29A6B2A400E848F1 /* StudentHelpResources.swift in Sources */ = {isa = PBXBuildFile; fileRef = 65E79A0929A6B2A400E848F1 /* StudentHelpResources.swift */; };
		65E79A0C29A6B2E200E848F1 /* Teacher Files.swift in Sources */ = {isa = PBXBuildFile; fileRef = 65E79A0B29A6B2E200E848F1 /* Teacher Files.swift */; };
		65E79A0E29A6B39200E848F1 /* StudentHelpTableViewController.swift in Sources */ = {isa = PBXBuildFile; fileRef = 65E79A0D29A6B39200E848F1 /* StudentHelpTableViewController.swift */; };
		7A8943F82919CAA700C53543 /* ReportIssue.swift in Sources */ = {isa = PBXBuildFile; fileRef = 7A8943F72919CAA700C53543 /* ReportIssue.swift */; };
		7A8943FA2919DBAB00C53543 /* CallAdmin.swift in Sources */ = {isa = PBXBuildFile; fileRef = 7A8943F92919DBAB00C53543 /* CallAdmin.swift */; };
		87347E7D29F1AB89002094A1 /* WelcomeViewController.swift in Sources */ = {isa = PBXBuildFile; fileRef = 87347E7C29F1AB89002094A1 /* WelcomeViewController.swift */; };
		B2D16B4F29C8DEB7007A30B2 /* CHCSVParser.m in Sources */ = {isa = PBXBuildFile; fileRef = B2D16B4D29C8DEB7007A30B2 /* CHCSVParser.m */; };
/* End PBXBuildFile section */

/* Begin PBXFileReference section */
		1783567B2919938E00B33C56 /* Home.swift */ = {isa = PBXFileReference; lastKnownFileType = sourcecode.swift; path = Home.swift; sourceTree = "<group>"; };
		1783567D291993FD00B33C56 /* Settings.swift */ = {isa = PBXFileReference; lastKnownFileType = sourcecode.swift; path = Settings.swift; sourceTree = "<group>"; };
		650C6E9429D4C21700E4EA2C /* ImportViewController.swift */ = {isa = PBXFileReference; lastKnownFileType = sourcecode.swift; path = ImportViewController.swift; sourceTree = "<group>"; };
		650C6E9629DB538C00E4EA2C /* Crisis Management.entitlements */ = {isa = PBXFileReference; lastKnownFileType = text.plist.entitlements; path = "Crisis Management.entitlements"; sourceTree = "<group>"; };
		652A84BF2914E1100025B2E6 /* StudentProtocols.swift */ = {isa = PBXFileReference; lastKnownFileType = sourcecode.swift; path = StudentProtocols.swift; sourceTree = "<group>"; };
		6578089A29118D2C00E72F43 /* Crisis Management.app */ = {isa = PBXFileReference; explicitFileType = wrapper.application; includeInIndex = 0; path = "Crisis Management.app"; sourceTree = BUILT_PRODUCTS_DIR; };
		6578089D29118D2C00E72F43 /* AppDelegate.swift */ = {isa = PBXFileReference; lastKnownFileType = sourcecode.swift; path = AppDelegate.swift; sourceTree = "<group>"; };
		6578089F29118D2C00E72F43 /* SceneDelegate.swift */ = {isa = PBXFileReference; lastKnownFileType = sourcecode.swift; path = SceneDelegate.swift; sourceTree = "<group>"; };
		657808A129118D2C00E72F43 /* InOutSchool.swift */ = {isa = PBXFileReference; lastKnownFileType = sourcecode.swift; path = InOutSchool.swift; sourceTree = "<group>"; };
		657808A429118D2C00E72F43 /* Base */ = {isa = PBXFileReference; lastKnownFileType = file.storyboard; name = Base; path = Base.lproj/Main.storyboard; sourceTree = "<group>"; };
		657808A629118D2D00E72F43 /* Assets.xcassets */ = {isa = PBXFileReference; lastKnownFileType = folder.assetcatalog; path = Assets.xcassets; sourceTree = "<group>"; };
		657808A929118D2D00E72F43 /* Base */ = {isa = PBXFileReference; lastKnownFileType = file.storyboard; name = Base; path = Base.lproj/LaunchScreen.storyboard; sourceTree = "<group>"; };
		657808AB29118D2D00E72F43 /* Info.plist */ = {isa = PBXFileReference; lastKnownFileType = text.plist.xml; path = Info.plist; sourceTree = "<group>"; };
		659487D829BA4B1E00400A9C /* RecsourcePullDownViewController.swift */ = {isa = PBXFileReference; lastKnownFileType = sourcecode.swift; path = RecsourcePullDownViewController.swift; sourceTree = "<group>"; };
		659487DA29BA4B5600400A9C /* TableViewLabel.swift */ = {isa = PBXFileReference; lastKnownFileType = sourcecode.swift; path = TableViewLabel.swift; sourceTree = "<group>"; };
		659487DC29BA4B7100400A9C /* newOrExisting.swift */ = {isa = PBXFileReference; lastKnownFileType = sourcecode.swift; path = newOrExisting.swift; sourceTree = "<group>"; };
		65BCCCCC29A6B3F6003CA681 /* ViewControllerResource.swift */ = {isa = PBXFileReference; lastKnownFileType = sourcecode.swift; path = ViewControllerResource.swift; sourceTree = "<group>"; };
		65BCCCCE29A6B410003CA681 /* ViewControllerHelps.swift */ = {isa = PBXFileReference; lastKnownFileType = sourcecode.swift; path = ViewControllerHelps.swift; sourceTree = "<group>"; };
		65E79A0729A6B28900E848F1 /* MedicalViewController.swift */ = {isa = PBXFileReference; lastKnownFileType = sourcecode.swift; path = MedicalViewController.swift; sourceTree = "<group>"; };
		65E79A0929A6B2A400E848F1 /* StudentHelpResources.swift */ = {isa = PBXFileReference; lastKnownFileType = sourcecode.swift; path = StudentHelpResources.swift; sourceTree = "<group>"; };
		65E79A0B29A6B2E200E848F1 /* Teacher Files.swift */ = {isa = PBXFileReference; lastKnownFileType = sourcecode.swift; path = "Teacher Files.swift"; sourceTree = "<group>"; };
		65E79A0D29A6B39200E848F1 /* StudentHelpTableViewController.swift */ = {isa = PBXFileReference; lastKnownFileType = sourcecode.swift; path = StudentHelpTableViewController.swift; sourceTree = "<group>"; };
		7A8943F72919CAA700C53543 /* ReportIssue.swift */ = {isa = PBXFileReference; lastKnownFileType = sourcecode.swift; path = ReportIssue.swift; sourceTree = "<group>"; };
		7A8943F92919DBAB00C53543 /* CallAdmin.swift */ = {isa = PBXFileReference; lastKnownFileType = sourcecode.swift; path = CallAdmin.swift; sourceTree = "<group>"; };
		87347E7C29F1AB89002094A1 /* WelcomeViewController.swift */ = {isa = PBXFileReference; lastKnownFileType = sourcecode.swift; path = WelcomeViewController.swift; sourceTree = "<group>"; };
		B2D16B4C29C8DEB6007A30B2 /* Crisis Management-Bridging-Header.h */ = {isa = PBXFileReference; lastKnownFileType = sourcecode.c.h; path = "Crisis Management-Bridging-Header.h"; sourceTree = "<group>"; };
		B2D16B4D29C8DEB7007A30B2 /* CHCSVParser.m */ = {isa = PBXFileReference; fileEncoding = 4; lastKnownFileType = sourcecode.c.objc; path = CHCSVParser.m; sourceTree = "<group>"; };
		B2D16B4E29C8DEB7007A30B2 /* CHCSVParser.h */ = {isa = PBXFileReference; fileEncoding = 4; lastKnownFileType = sourcecode.c.h; path = CHCSVParser.h; sourceTree = "<group>"; };
/* End PBXFileReference section */

/* Begin PBXFrameworksBuildPhase section */
		6578089729118D2C00E72F43 /* Frameworks */ = {
			isa = PBXFrameworksBuildPhase;
			buildActionMask = 2147483647;
			files = (
			);
			runOnlyForDeploymentPostprocessing = 0;
		};
/* End PBXFrameworksBuildPhase section */

/* Begin PBXGroup section */
		6578089129118D2C00E72F43 = {
			isa = PBXGroup;
			children = (
				6578089C29118D2C00E72F43 /* Crisis Management */,
				6578089B29118D2C00E72F43 /* Products */,
			);
			sourceTree = "<group>";
		};
		6578089B29118D2C00E72F43 /* Products */ = {
			isa = PBXGroup;
			children = (
				6578089A29118D2C00E72F43 /* Crisis Management.app */,
			);
			name = Products;
			sourceTree = "<group>";
		};
		6578089C29118D2C00E72F43 /* Crisis Management */ = {
			isa = PBXGroup;
			children = (
				650C6E9629DB538C00E4EA2C /* Crisis Management.entitlements */,
				87347E7C29F1AB89002094A1 /* WelcomeViewController.swift */,
				6578089D29118D2C00E72F43 /* AppDelegate.swift */,
				B2D16B4E29C8DEB7007A30B2 /* CHCSVParser.h */,
				B2D16B4D29C8DEB7007A30B2 /* CHCSVParser.m */,
				B2446FF829A7F4B00077691B /* Resources */,
				6578089F29118D2C00E72F43 /* SceneDelegate.swift */,
				650C6E9429D4C21700E4EA2C /* ImportViewController.swift */,
				657808A129118D2C00E72F43 /* InOutSchool.swift */,
				1783567B2919938E00B33C56 /* Home.swift */,
				1783567D291993FD00B33C56 /* Settings.swift */,
				7A8943F72919CAA700C53543 /* ReportIssue.swift */,
				652A84BF2914E1100025B2E6 /* StudentProtocols.swift */,
				65E79A0B29A6B2E200E848F1 /* Teacher Files.swift */,
				7A8943F92919DBAB00C53543 /* CallAdmin.swift */,
				657808A329118D2C00E72F43 /* Main.storyboard */,
				657808A629118D2D00E72F43 /* Assets.xcassets */,
				657808A829118D2D00E72F43 /* LaunchScreen.storyboard */,
				657808AB29118D2D00E72F43 /* Info.plist */,
				B2D16B4C29C8DEB6007A30B2 /* Crisis Management-Bridging-Header.h */,
			);
			path = "Crisis Management";
			sourceTree = "<group>";
		};
		B2446FF829A7F4B00077691B /* Resources */ = {
			isa = PBXGroup;
			children = (
				65E79A0729A6B28900E848F1 /* MedicalViewController.swift */,
				65E79A0929A6B2A400E848F1 /* StudentHelpResources.swift */,
				65E79A0D29A6B39200E848F1 /* StudentHelpTableViewController.swift */,
				65BCCCCC29A6B3F6003CA681 /* ViewControllerResource.swift */,
				659487D829BA4B1E00400A9C /* RecsourcePullDownViewController.swift */,
				65BCCCCE29A6B410003CA681 /* ViewControllerHelps.swift */,
				659487DA29BA4B5600400A9C /* TableViewLabel.swift */,
				659487DC29BA4B7100400A9C /* newOrExisting.swift */,
			);
			path = Resources;
			sourceTree = "<group>";
		};
/* End PBXGroup section */

/* Begin PBXNativeTarget section */
		6578089929118D2C00E72F43 /* Crisis Management */ = {
			isa = PBXNativeTarget;
			buildConfigurationList = 657808AE29118D2D00E72F43 /* Build configuration list for PBXNativeTarget "Crisis Management" */;
			buildPhases = (
				6578089629118D2C00E72F43 /* Sources */,
				6578089729118D2C00E72F43 /* Frameworks */,
				6578089829118D2C00E72F43 /* Resources */,
			);
			buildRules = (
			);
			dependencies = (
			);
			name = "Crisis Management";
			productName = "Crisis Management";
			productReference = 6578089A29118D2C00E72F43 /* Crisis Management.app */;
			productType = "com.apple.product-type.application";
		};
/* End PBXNativeTarget section */

/* Begin PBXProject section */
		6578089229118D2C00E72F43 /* Project object */ = {
			isa = PBXProject;
			attributes = {
				BuildIndependentTargetsInParallel = 1;
				LastSwiftUpdateCheck = 1340;
				LastUpgradeCheck = 1340;
				TargetAttributes = {
					6578089929118D2C00E72F43 = {
						CreatedOnToolsVersion = 13.4.1;
						LastSwiftMigration = 1420;
					};
				};
			};
			buildConfigurationList = 6578089529118D2C00E72F43 /* Build configuration list for PBXProject "Crisis Management" */;
			compatibilityVersion = "Xcode 13.0";
			developmentRegion = en;
			hasScannedForEncodings = 0;
			knownRegions = (
				en,
				Base,
			);
			mainGroup = 6578089129118D2C00E72F43;
			productRefGroup = 6578089B29118D2C00E72F43 /* Products */;
			projectDirPath = "";
			projectRoot = "";
			targets = (
				6578089929118D2C00E72F43 /* Crisis Management */,
			);
		};
/* End PBXProject section */

/* Begin PBXResourcesBuildPhase section */
		6578089829118D2C00E72F43 /* Resources */ = {
			isa = PBXResourcesBuildPhase;
			buildActionMask = 2147483647;
			files = (
				657808AA29118D2D00E72F43 /* LaunchScreen.storyboard in Resources */,
				657808A729118D2D00E72F43 /* Assets.xcassets in Resources */,
				657808A529118D2C00E72F43 /* Main.storyboard in Resources */,
			);
			runOnlyForDeploymentPostprocessing = 0;
		};
/* End PBXResourcesBuildPhase section */

/* Begin PBXSourcesBuildPhase section */
		6578089629118D2C00E72F43 /* Sources */ = {
			isa = PBXSourcesBuildPhase;
			buildActionMask = 2147483647;
			files = (
				657808A229118D2C00E72F43 /* InOutSchool.swift in Sources */,
				87347E7D29F1AB89002094A1 /* WelcomeViewController.swift in Sources */,
				659487DD29BA4B7100400A9C /* newOrExisting.swift in Sources */,
				65E79A0829A6B28900E848F1 /* MedicalViewController.swift in Sources */,
				659487DB29BA4B5600400A9C /* TableViewLabel.swift in Sources */,
				65E79A0E29A6B39200E848F1 /* StudentHelpTableViewController.swift in Sources */,
				650C6E9529D4C21700E4EA2C /* ImportViewController.swift in Sources */,
				65BCCCCF29A6B410003CA681 /* ViewControllerHelps.swift in Sources */,
				652A84C02914E1100025B2E6 /* StudentProtocols.swift in Sources */,
				1783567C2919938E00B33C56 /* Home.swift in Sources */,
				B2D16B4F29C8DEB7007A30B2 /* CHCSVParser.m in Sources */,
				65E79A0A29A6B2A400E848F1 /* StudentHelpResources.swift in Sources */,
				659487D929BA4B1E00400A9C /* RecsourcePullDownViewController.swift in Sources */,
				1783567E291993FD00B33C56 /* Settings.swift in Sources */,
				65E79A0C29A6B2E200E848F1 /* Teacher Files.swift in Sources */,
				7A8943F82919CAA700C53543 /* ReportIssue.swift in Sources */,
				7A8943FA2919DBAB00C53543 /* CallAdmin.swift in Sources */,
				6578089E29118D2C00E72F43 /* AppDelegate.swift in Sources */,
				65BCCCCD29A6B3F6003CA681 /* ViewControllerResource.swift in Sources */,
				657808A029118D2C00E72F43 /* SceneDelegate.swift in Sources */,
			);
			runOnlyForDeploymentPostprocessing = 0;
		};
/* End PBXSourcesBuildPhase section */

/* Begin PBXVariantGroup section */
		657808A329118D2C00E72F43 /* Main.storyboard */ = {
			isa = PBXVariantGroup;
			children = (
				657808A429118D2C00E72F43 /* Base */,
			);
			name = Main.storyboard;
			sourceTree = "<group>";
		};
		657808A829118D2D00E72F43 /* LaunchScreen.storyboard */ = {
			isa = PBXVariantGroup;
			children = (
				657808A929118D2D00E72F43 /* Base */,
			);
			name = LaunchScreen.storyboard;
			sourceTree = "<group>";
		};
/* End PBXVariantGroup section */

/* Begin XCBuildConfiguration section */
		657808AC29118D2D00E72F43 /* Debug */ = {
			isa = XCBuildConfiguration;
			buildSettings = {
				ALWAYS_SEARCH_USER_PATHS = NO;
				CLANG_ANALYZER_NONNULL = YES;
				CLANG_ANALYZER_NUMBER_OBJECT_CONVERSION = YES_AGGRESSIVE;
				CLANG_CXX_LANGUAGE_STANDARD = "gnu++17";
				CLANG_ENABLE_MODULES = YES;
				CLANG_ENABLE_OBJC_ARC = YES;
				CLANG_ENABLE_OBJC_WEAK = YES;
				CLANG_WARN_BLOCK_CAPTURE_AUTORELEASING = YES;
				CLANG_WARN_BOOL_CONVERSION = YES;
				CLANG_WARN_COMMA = YES;
				CLANG_WARN_CONSTANT_CONVERSION = YES;
				CLANG_WARN_DEPRECATED_OBJC_IMPLEMENTATIONS = YES;
				CLANG_WARN_DIRECT_OBJC_ISA_USAGE = YES_ERROR;
				CLANG_WARN_DOCUMENTATION_COMMENTS = YES;
				CLANG_WARN_EMPTY_BODY = YES;
				CLANG_WARN_ENUM_CONVERSION = YES;
				CLANG_WARN_INFINITE_RECURSION = YES;
				CLANG_WARN_INT_CONVERSION = YES;
				CLANG_WARN_NON_LITERAL_NULL_CONVERSION = YES;
				CLANG_WARN_OBJC_IMPLICIT_RETAIN_SELF = YES;
				CLANG_WARN_OBJC_LITERAL_CONVERSION = YES;
				CLANG_WARN_OBJC_ROOT_CLASS = YES_ERROR;
				CLANG_WARN_QUOTED_INCLUDE_IN_FRAMEWORK_HEADER = YES;
				CLANG_WARN_RANGE_LOOP_ANALYSIS = YES;
				CLANG_WARN_STRICT_PROTOTYPES = YES;
				CLANG_WARN_SUSPICIOUS_MOVE = YES;
				CLANG_WARN_UNGUARDED_AVAILABILITY = YES_AGGRESSIVE;
				CLANG_WARN_UNREACHABLE_CODE = YES;
				CLANG_WARN__DUPLICATE_METHOD_MATCH = YES;
				COPY_PHASE_STRIP = NO;
				DEBUG_INFORMATION_FORMAT = dwarf;
				ENABLE_STRICT_OBJC_MSGSEND = YES;
				ENABLE_TESTABILITY = YES;
				GCC_C_LANGUAGE_STANDARD = gnu11;
				GCC_DYNAMIC_NO_PIC = NO;
				GCC_NO_COMMON_BLOCKS = YES;
				GCC_OPTIMIZATION_LEVEL = 0;
				GCC_PREPROCESSOR_DEFINITIONS = (
					"DEBUG=1",
					"$(inherited)",
				);
				GCC_WARN_64_TO_32_BIT_CONVERSION = YES;
				GCC_WARN_ABOUT_RETURN_TYPE = YES_ERROR;
				GCC_WARN_UNDECLARED_SELECTOR = YES;
				GCC_WARN_UNINITIALIZED_AUTOS = YES_AGGRESSIVE;
				GCC_WARN_UNUSED_FUNCTION = YES;
				GCC_WARN_UNUSED_VARIABLE = YES;
				IPHONEOS_DEPLOYMENT_TARGET = 15.5;
				MTL_ENABLE_DEBUG_INFO = INCLUDE_SOURCE;
				MTL_FAST_MATH = YES;
				ONLY_ACTIVE_ARCH = YES;
				SDKROOT = iphoneos;
				SWIFT_ACTIVE_COMPILATION_CONDITIONS = DEBUG;
				SWIFT_OPTIMIZATION_LEVEL = "-Onone";
			};
			name = Debug;
		};
		657808AD29118D2D00E72F43 /* Release */ = {
			isa = XCBuildConfiguration;
			buildSettings = {
				ALWAYS_SEARCH_USER_PATHS = NO;
				CLANG_ANALYZER_NONNULL = YES;
				CLANG_ANALYZER_NUMBER_OBJECT_CONVERSION = YES_AGGRESSIVE;
				CLANG_CXX_LANGUAGE_STANDARD = "gnu++17";
				CLANG_ENABLE_MODULES = YES;
				CLANG_ENABLE_OBJC_ARC = YES;
				CLANG_ENABLE_OBJC_WEAK = YES;
				CLANG_WARN_BLOCK_CAPTURE_AUTORELEASING = YES;
				CLANG_WARN_BOOL_CONVERSION = YES;
				CLANG_WARN_COMMA = YES;
				CLANG_WARN_CONSTANT_CONVERSION = YES;
				CLANG_WARN_DEPRECATED_OBJC_IMPLEMENTATIONS = YES;
				CLANG_WARN_DIRECT_OBJC_ISA_USAGE = YES_ERROR;
				CLANG_WARN_DOCUMENTATION_COMMENTS = YES;
				CLANG_WARN_EMPTY_BODY = YES;
				CLANG_WARN_ENUM_CONVERSION = YES;
				CLANG_WARN_INFINITE_RECURSION = YES;
				CLANG_WARN_INT_CONVERSION = YES;
				CLANG_WARN_NON_LITERAL_NULL_CONVERSION = YES;
				CLANG_WARN_OBJC_IMPLICIT_RETAIN_SELF = YES;
				CLANG_WARN_OBJC_LITERAL_CONVERSION = YES;
				CLANG_WARN_OBJC_ROOT_CLASS = YES_ERROR;
				CLANG_WARN_QUOTED_INCLUDE_IN_FRAMEWORK_HEADER = YES;
				CLANG_WARN_RANGE_LOOP_ANALYSIS = YES;
				CLANG_WARN_STRICT_PROTOTYPES = YES;
				CLANG_WARN_SUSPICIOUS_MOVE = YES;
				CLANG_WARN_UNGUARDED_AVAILABILITY = YES_AGGRESSIVE;
				CLANG_WARN_UNREACHABLE_CODE = YES;
				CLANG_WARN__DUPLICATE_METHOD_MATCH = YES;
				COPY_PHASE_STRIP = NO;
				DEBUG_INFORMATION_FORMAT = "dwarf-with-dsym";
				ENABLE_NS_ASSERTIONS = NO;
				ENABLE_STRICT_OBJC_MSGSEND = YES;
				GCC_C_LANGUAGE_STANDARD = gnu11;
				GCC_NO_COMMON_BLOCKS = YES;
				GCC_WARN_64_TO_32_BIT_CONVERSION = YES;
				GCC_WARN_ABOUT_RETURN_TYPE = YES_ERROR;
				GCC_WARN_UNDECLARED_SELECTOR = YES;
				GCC_WARN_UNINITIALIZED_AUTOS = YES_AGGRESSIVE;
				GCC_WARN_UNUSED_FUNCTION = YES;
				GCC_WARN_UNUSED_VARIABLE = YES;
				IPHONEOS_DEPLOYMENT_TARGET = 15.5;
				MTL_ENABLE_DEBUG_INFO = NO;
				MTL_FAST_MATH = YES;
				SDKROOT = iphoneos;
				SWIFT_COMPILATION_MODE = wholemodule;
				SWIFT_OPTIMIZATION_LEVEL = "-O";
				VALIDATE_PRODUCT = YES;
			};
			name = Release;
		};
		657808AF29118D2D00E72F43 /* Debug */ = {
			isa = XCBuildConfiguration;
			buildSettings = {
				ASSETCATALOG_COMPILER_APPICON_NAME = AppIcon;
				ASSETCATALOG_COMPILER_GLOBAL_ACCENT_COLOR_NAME = AccentColor;
				CLANG_ENABLE_MODULES = YES;
				CODE_SIGN_ENTITLEMENTS = "Crisis Management/Crisis Management.entitlements";
				CODE_SIGN_STYLE = Automatic;
				CURRENT_PROJECT_VERSION = 1;
				DEVELOPMENT_TEAM = VTDF44SLUM;
				GENERATE_INFOPLIST_FILE = YES;
				INFOPLIST_FILE = "Crisis Management/Info.plist";
				INFOPLIST_KEY_CFBundleDisplayName = "Crisis Management";
				INFOPLIST_KEY_LSSupportsOpeningDocumentsInPlace = YES;
				INFOPLIST_KEY_UIApplicationSupportsIndirectInputEvents = YES;
				INFOPLIST_KEY_UILaunchStoryboardName = LaunchScreen;
				INFOPLIST_KEY_UIMainStoryboardFile = Main;
				INFOPLIST_KEY_UIRequiresFullScreen = YES;
				INFOPLIST_KEY_UISupportedInterfaceOrientations_iPad = "UIInterfaceOrientationPortrait UIInterfaceOrientationPortraitUpsideDown UIInterfaceOrientationLandscapeLeft UIInterfaceOrientationLandscapeRight";
				INFOPLIST_KEY_UISupportedInterfaceOrientations_iPhone = "UIInterfaceOrientationPortrait UIInterfaceOrientationLandscapeLeft UIInterfaceOrientationLandscapeRight";
				LD_RUNPATH_SEARCH_PATHS = (
					"$(inherited)",
					"@executable_path/Frameworks",
				);
				MARKETING_VERSION = 1.0;
				PRODUCT_BUNDLE_IDENTIFIER = "com.ashwinindurti.Crisis-Managementsss";
				PRODUCT_NAME = "$(TARGET_NAME)";
				SUPPORTED_PLATFORMS = "iphoneos iphonesimulator";
				SUPPORTS_MACCATALYST = YES;
				SUPPORTS_MAC_DESIGNED_FOR_IPHONE_IPAD = NO;
				SWIFT_EMIT_LOC_STRINGS = YES;
				SWIFT_OBJC_BRIDGING_HEADER = "Crisis Management/Crisis Management-Bridging-Header.h";
				SWIFT_OPTIMIZATION_LEVEL = "-Onone";
				SWIFT_VERSION = 5.0;
				TARGETED_DEVICE_FAMILY = 2;
			};
			name = Debug;
		};
		657808B029118D2D00E72F43 /* Release */ = {
			isa = XCBuildConfiguration;
			buildSettings = {
				ASSETCATALOG_COMPILER_APPICON_NAME = AppIcon;
				ASSETCATALOG_COMPILER_GLOBAL_ACCENT_COLOR_NAME = AccentColor;
				CLANG_ENABLE_MODULES = YES;
				CODE_SIGN_ENTITLEMENTS = "Crisis Management/Crisis Management.entitlements";
				CODE_SIGN_STYLE = Automatic;
				CURRENT_PROJECT_VERSION = 1;
				DEVELOPMENT_TEAM = VTDF44SLUM;
				GENERATE_INFOPLIST_FILE = YES;
				INFOPLIST_FILE = "Crisis Management/Info.plist";
				INFOPLIST_KEY_CFBundleDisplayName = "Crisis Management";
				INFOPLIST_KEY_LSSupportsOpeningDocumentsInPlace = YES;
				INFOPLIST_KEY_UIApplicationSupportsIndirectInputEvents = YES;
				INFOPLIST_KEY_UILaunchStoryboardName = LaunchScreen;
				INFOPLIST_KEY_UIMainStoryboardFile = Main;
				INFOPLIST_KEY_UIRequiresFullScreen = YES;
				INFOPLIST_KEY_UISupportedInterfaceOrientations_iPad = "UIInterfaceOrientationPortrait UIInterfaceOrientationPortraitUpsideDown UIInterfaceOrientationLandscapeLeft UIInterfaceOrientationLandscapeRight";
				INFOPLIST_KEY_UISupportedInterfaceOrientations_iPhone = "UIInterfaceOrientationPortrait UIInterfaceOrientationLandscapeLeft UIInterfaceOrientationLandscapeRight";
				LD_RUNPATH_SEARCH_PATHS = (
					"$(inherited)",
					"@executable_path/Frameworks",
				);
				MARKETING_VERSION = 1.0;
				PRODUCT_BUNDLE_IDENTIFIER = "com.ashwinindurti.Crisis-Managementsss";
				PRODUCT_NAME = "$(TARGET_NAME)";
				SUPPORTED_PLATFORMS = "iphoneos iphonesimulator";
				SUPPORTS_MACCATALYST = YES;
				SUPPORTS_MAC_DESIGNED_FOR_IPHONE_IPAD = NO;
				SWIFT_EMIT_LOC_STRINGS = YES;
				SWIFT_OBJC_BRIDGING_HEADER = "Crisis Management/Crisis Management-Bridging-Header.h";
				SWIFT_VERSION = 5.0;
				TARGETED_DEVICE_FAMILY = 2;
			};
			name = Release;
		};
/* End XCBuildConfiguration section */

/* Begin XCConfigurationList section */
		6578089529118D2C00E72F43 /* Build configuration list for PBXProject "Crisis Management" */ = {
			isa = XCConfigurationList;
			buildConfigurations = (
				657808AC29118D2D00E72F43 /* Debug */,
				657808AD29118D2D00E72F43 /* Release */,
			);
			defaultConfigurationIsVisible = 0;
			defaultConfigurationName = Release;
		};
		657808AE29118D2D00E72F43 /* Build configuration list for PBXNativeTarget "Crisis Management" */ = {
			isa = XCConfigurationList;
			buildConfigurations = (
				657808AF29118D2D00E72F43 /* Debug */,
				657808B029118D2D00E72F43 /* Release */,
			);
			defaultConfigurationIsVisible = 0;
			defaultConfigurationName = Release;
		};
/* End XCConfigurationList section */
	};
	rootObject = 6578089229118D2C00E72F43 /* Project object */;
}
